
Microsoft Visual Studio Solution File, Format Version 12.00
# Visual Studio Version 17
VisualStudioVersion = 17.8.34309.116
MinimumVisualStudioVersion = 10.0.40219.1
Project("{9A19103F-16F7-4668-BE54-9A1E7A4F7556}") = "DPS.Api", "DPS.Api\DPS.Api.csproj", "{34039DCC-1C32-41B7-91A7-6BFABC5BF8DD}"
EndProject
Project("{9A19103F-16F7-4668-BE54-9A1E7A4F7556}") = "DPS.Service", "DPS.Service\DPS.Service.csproj", "{87E8A1CD-26AD-4B3F-8CC4-5F7BF3A596BA}"
EndProject
Project("{9A19103F-16F7-4668-BE54-9A1E7A4F7556}") = "DPS.Data", "DPS.Data\DPS.Data.csproj", "{747857BC-2A81-4374-93D6-8F58AEAE7420}"
EndProject
Project("{9A19103F-16F7-4668-BE54-9A1E7A4F7556}") = "DPS.Aws", "DPS.Aws\DPS.Aws.csproj", "{34700366-72D5-4563-98FB-36376773B59E}"
EndProject
Project("{2150E333-8FDC-42A3-9474-1A3956D46DE8}") = "Solution Items", "Solution Items", "{D710DFEB-25F3-4C43-980A-6B29BDD5111A}"
	ProjectSection(SolutionItems) = preProject
		.editorconfig = .editorconfig
	EndProjectSection
EndProject
Project("{9A19103F-16F7-4668-BE54-9A1E7A4F7556}") = "DPS.Common", "DPS.Common\DPS.Common.csproj", "{5CD74E43-94DC-463C-9747-F027C085078C}"
EndProject
Project("{2150E333-8FDC-42A3-9474-1A3956D46DE8}") = "Tests", "Tests", "{91EEB8B8-7029-4E88-8646-70489E9BE430}"
EndProject
Project("{FAE04EC0-301F-11D3-BF4B-00C04F79EFBC}") = "DPS.Aws.Tests", "DPS.Aws.Tests\DPS.Aws.Tests.csproj", "{97993CE8-CD2B-4255-B88F-0247279C4043}"
EndProject
Global
	GlobalSection(SolutionConfigurationPlatforms) = preSolution
		Debug|Any CPU = Debug|Any CPU
		Release|Any CPU = Release|Any CPU
	EndGlobalSection
	GlobalSection(ProjectConfigurationPlatforms) = postSolution
		{34039DCC-1C32-41B7-91A7-6BFABC5BF8DD}.Debug|Any CPU.ActiveCfg = Debug|Any CPU
		{34039DCC-1C32-41B7-91A7-6BFABC5BF8DD}.Debug|Any CPU.Build.0 = Debug|Any CPU
		{34039DCC-1C32-41B7-91A7-6BFABC5BF8DD}.Release|Any CPU.ActiveCfg = Release|Any CPU
		{34039DCC-1C32-41B7-91A7-6BFABC5BF8DD}.Release|Any CPU.Build.0 = Release|Any CPU
		{87E8A1CD-26AD-4B3F-8CC4-5F7BF3A596BA}.Debug|Any CPU.ActiveCfg = Debug|Any CPU
		{87E8A1CD-26AD-4B3F-8CC4-5F7BF3A596BA}.Debug|Any CPU.Build.0 = Debug|Any CPU
		{87E8A1CD-26AD-4B3F-8CC4-5F7BF3A596BA}.Release|Any CPU.ActiveCfg = Release|Any CPU
		{87E8A1CD-26AD-4B3F-8CC4-5F7BF3A596BA}.Release|Any CPU.Build.0 = Release|Any CPU
		{747857BC-2A81-4374-93D6-8F58AEAE7420}.Debug|Any CPU.ActiveCfg = Debug|Any CPU
		{747857BC-2A81-4374-93D6-8F58AEAE7420}.Debug|Any CPU.Build.0 = Debug|Any CPU
		{747857BC-2A81-4374-93D6-8F58AEAE7420}.Release|Any CPU.ActiveCfg = Release|Any CPU
		{747857BC-2A81-4374-93D6-8F58AEAE7420}.Release|Any CPU.Build.0 = Release|Any CPU
		{34700366-72D5-4563-98FB-36376773B59E}.Debug|Any CPU.ActiveCfg = Debug|Any CPU
		{34700366-72D5-4563-98FB-36376773B59E}.Debug|Any CPU.Build.0 = Debug|Any CPU
		{34700366-72D5-4563-98FB-36376773B59E}.Release|Any CPU.ActiveCfg = Release|Any CPU
		{34700366-72D5-4563-98FB-36376773B59E}.Release|Any CPU.Build.0 = Release|Any CPU
		{5CD74E43-94DC-463C-9747-F027C085078C}.Debug|Any CPU.ActiveCfg = Debug|Any CPU
		{5CD74E43-94DC-463C-9747-F027C085078C}.Debug|Any CPU.Build.0 = Debug|Any CPU
		{5CD74E43-94DC-463C-9747-F027C085078C}.Release|Any CPU.ActiveCfg = Release|Any CPU
		{5CD74E43-94DC-463C-9747-F027C085078C}.Release|Any CPU.Build.0 = Release|Any CPU
		{97993CE8-CD2B-4255-B88F-0247279C4043}.Debug|Any CPU.ActiveCfg = Debug|Any CPU
		{97993CE8-CD2B-4255-B88F-0247279C4043}.Debug|Any CPU.Build.0 = Debug|Any CPU
		{97993CE8-CD2B-4255-B88F-0247279C4043}.Release|Any CPU.ActiveCfg = Release|Any CPU
		{97993CE8-CD2B-4255-B88F-0247279C4043}.Release|Any CPU.Build.0 = Release|Any CPU
	EndGlobalSection
	GlobalSection(SolutionProperties) = preSolution
		HideSolutionNode = FALSE
	EndGlobalSection
	GlobalSection(NestedProjects) = preSolution
		{97993CE8-CD2B-4255-B88F-0247279C4043} = {91EEB8B8-7029-4E88-8646-70489E9BE430}
	EndGlobalSection
	GlobalSection(ExtensibilityGlobals) = postSolution
		SolutionGuid = {0003AA9B-A806-4D37-8DF8-A3E36472892C}
	EndGlobalSection
EndGlobal
